
Microsoft Visual Studio Solution File, Format Version 12.00
# Visual Studio 2013
VisualStudioVersion = 12.0.31101.0
MinimumVisualStudioVersion = 10.0.40219.1
Project("{FAE04EC0-301F-11D3-BF4B-00C04F79EFBC}") = "L2PAPIClient", "L2PAPIClient\L2PAPIClient.csproj", "{9DFA3BCF-B96A-4D41-804B-911B0291DF82}"
EndProject
Project("{FAE04EC0-301F-11D3-BF4B-00C04F79EFBC}") = "L2PAPITestApplication", "L2PAPITestApplication\L2PAPITestApplication.csproj", "{249D1EBD-2C68-4D6C-81E0-EFC9DD921472}"
EndProject
Global
	GlobalSection(SolutionConfigurationPlatforms) = preSolution
		Debug|Any CPU = Debug|Any CPU
		Release|Any CPU = Release|Any CPU
	EndGlobalSection
	GlobalSection(ProjectConfigurationPlatforms) = postSolution
		{9DFA3BCF-B96A-4D41-804B-911B0291DF82}.Debug|Any CPU.ActiveCfg = Debug|Any CPU
		{9DFA3BCF-B96A-4D41-804B-911B0291DF82}.Debug|Any CPU.Build.0 = Debug|Any CPU
		{9DFA3BCF-B96A-4D41-804B-911B0291DF82}.Release|Any CPU.ActiveCfg = Release|Any CPU
		{9DFA3BCF-B96A-4D41-804B-911B0291DF82}.Release|Any CPU.Build.0 = Release|Any CPU
		{249D1EBD-2C68-4D6C-81E0-EFC9DD921472}.Debug|Any CPU.ActiveCfg = Debug|Any CPU
		{249D1EBD-2C68-4D6C-81E0-EFC9DD921472}.Debug|Any CPU.Build.0 = Debug|Any CPU
		{249D1EBD-2C68-4D6C-81E0-EFC9DD921472}.Release|Any CPU.ActiveCfg = Release|Any CPU
		{249D1EBD-2C68-4D6C-81E0-EFC9DD921472}.Release|Any CPU.Build.0 = Release|Any CPU
	EndGlobalSection
	GlobalSection(SolutionProperties) = preSolution
		HideSolutionNode = FALSE
	EndGlobalSection
EndGlobal
