
Microsoft Visual Studio Solution File, Format Version 12.00
# Visual Studio 14
VisualStudioVersion = 14.0.25123.0
MinimumVisualStudioVersion = 10.0.40219.1
Project("{FAE04EC0-301F-11D3-BF4B-00C04F79EFBC}") = "L2PAPIClient", "L2PAPIClient\L2PAPIClient.csproj", "{9DFA3BCF-B96A-4D41-804B-911B0291DF82}"
EndProject
Project("{FAE04EC0-301F-11D3-BF4B-00C04F79EFBC}") = "L2PAPITestApplication", "L2PAPITestApplication\L2PAPITestApplication.csproj", "{249D1EBD-2C68-4D6C-81E0-EFC9DD921472}"
EndProject
Project("{FAE04EC0-301F-11D3-BF4B-00C04F79EFBC}") = "TestApp1.Droid", "TestApp1\TestApp1.Droid\TestApp1.Droid.csproj", "{0FA6ADD7-7947-4610-AE24-A25FCF9E2B37}"
EndProject
Project("{FAE04EC0-301F-11D3-BF4B-00C04F79EFBC}") = "TestApp1.iOS", "TestApp1\TestApp1.iOS\TestApp1.iOS.csproj", "{22282EDD-0A6B-4535-8AC0-694F3E17014C}"
EndProject
Project("{FAE04EC0-301F-11D3-BF4B-00C04F79EFBC}") = "TestApp1.WinPhone", "TestApp1\TestApp1.WinPhone\TestApp1.WinPhone.csproj", "{DA941BFB-A13E-441F-94B1-23FF634DB654}"
EndProject
Project("{FAE04EC0-301F-11D3-BF4B-00C04F79EFBC}") = "TestApp1.UWP", "TestApp1\TestApp1.UWP\TestApp1.UWP.csproj", "{3536BB04-D2E1-40C4-9C87-DFFB79375556}"
EndProject
Project("{FAE04EC0-301F-11D3-BF4B-00C04F79EFBC}") = "TestApp1.Windows", "TestApp1\TestApp1.Windows\TestApp1.Windows.csproj", "{CA5E91EE-E078-4F6D-AEB3-671FE2A15200}"
EndProject
Project("{D954291E-2A0B-460D-934E-DC6B0785DB48}") = "TestApp1", "TestApp1\TestApp1\TestApp1.shproj", "{ABD89AFE-2265-479A-AC3A-B70CF0E9FEF9}"
EndProject
Project("{FAE04EC0-301F-11D3-BF4B-00C04F79EFBC}") = "L2PAPIClientPortable", "L2PAPIClientPortable\L2PAPIClientPortable.csproj", "{67F9D3A8-F71E-4428-913F-C37AE82CDB24}"
EndProject
Global
	GlobalSection(SharedMSBuildProjectFiles) = preSolution
		TestApp1\TestApp1\TestApp1.projitems*{0fa6add7-7947-4610-ae24-a25fcf9e2b37}*SharedItemsImports = 4
		TestApp1\TestApp1\TestApp1.projitems*{3536bb04-d2e1-40c4-9c87-dffb79375556}*SharedItemsImports = 4
		TestApp1\TestApp1\TestApp1.projitems*{abd89afe-2265-479a-ac3a-b70cf0e9fef9}*SharedItemsImports = 13
		TestApp1\TestApp1\TestApp1.projitems*{22282edd-0a6b-4535-8ac0-694f3e17014c}*SharedItemsImports = 4
		TestApp1\TestApp1\TestApp1.projitems*{ca5e91ee-e078-4f6d-aeb3-671fe2a15200}*SharedItemsImports = 4
		TestApp1\TestApp1\TestApp1.projitems*{da941bfb-a13e-441f-94b1-23ff634db654}*SharedItemsImports = 4
	EndGlobalSection
	GlobalSection(SolutionConfigurationPlatforms) = preSolution
		Ad-Hoc|Any CPU = Ad-Hoc|Any CPU
		Ad-Hoc|ARM = Ad-Hoc|ARM
		Ad-Hoc|iPhone = Ad-Hoc|iPhone
		Ad-Hoc|iPhoneSimulator = Ad-Hoc|iPhoneSimulator
		Ad-Hoc|x64 = Ad-Hoc|x64
		Ad-Hoc|x86 = Ad-Hoc|x86
		AppStore|Any CPU = AppStore|Any CPU
		AppStore|ARM = AppStore|ARM
		AppStore|iPhone = AppStore|iPhone
		AppStore|iPhoneSimulator = AppStore|iPhoneSimulator
		AppStore|x64 = AppStore|x64
		AppStore|x86 = AppStore|x86
		Debug|Any CPU = Debug|Any CPU
		Debug|ARM = Debug|ARM
		Debug|iPhone = Debug|iPhone
		Debug|iPhoneSimulator = Debug|iPhoneSimulator
		Debug|x64 = Debug|x64
		Debug|x86 = Debug|x86
		Release|Any CPU = Release|Any CPU
		Release|ARM = Release|ARM
		Release|iPhone = Release|iPhone
		Release|iPhoneSimulator = Release|iPhoneSimulator
		Release|x64 = Release|x64
		Release|x86 = Release|x86
	EndGlobalSection
	GlobalSection(ProjectConfigurationPlatforms) = postSolution
		{9DFA3BCF-B96A-4D41-804B-911B0291DF82}.Ad-Hoc|Any CPU.ActiveCfg = Release|Any CPU
		{9DFA3BCF-B96A-4D41-804B-911B0291DF82}.Ad-Hoc|Any CPU.Build.0 = Release|Any CPU
		{9DFA3BCF-B96A-4D41-804B-911B0291DF82}.Ad-Hoc|ARM.ActiveCfg = Release|Any CPU
		{9DFA3BCF-B96A-4D41-804B-911B0291DF82}.Ad-Hoc|ARM.Build.0 = Release|Any CPU
		{9DFA3BCF-B96A-4D41-804B-911B0291DF82}.Ad-Hoc|iPhone.ActiveCfg = Release|Any CPU
		{9DFA3BCF-B96A-4D41-804B-911B0291DF82}.Ad-Hoc|iPhone.Build.0 = Release|Any CPU
		{9DFA3BCF-B96A-4D41-804B-911B0291DF82}.Ad-Hoc|iPhoneSimulator.ActiveCfg = Release|Any CPU
		{9DFA3BCF-B96A-4D41-804B-911B0291DF82}.Ad-Hoc|iPhoneSimulator.Build.0 = Release|Any CPU
		{9DFA3BCF-B96A-4D41-804B-911B0291DF82}.Ad-Hoc|x64.ActiveCfg = Debug|Any CPU
		{9DFA3BCF-B96A-4D41-804B-911B0291DF82}.Ad-Hoc|x64.Build.0 = Debug|Any CPU
		{9DFA3BCF-B96A-4D41-804B-911B0291DF82}.Ad-Hoc|x86.ActiveCfg = Release|Any CPU
		{9DFA3BCF-B96A-4D41-804B-911B0291DF82}.Ad-Hoc|x86.Build.0 = Release|Any CPU
		{9DFA3BCF-B96A-4D41-804B-911B0291DF82}.AppStore|Any CPU.ActiveCfg = Release|Any CPU
		{9DFA3BCF-B96A-4D41-804B-911B0291DF82}.AppStore|Any CPU.Build.0 = Release|Any CPU
		{9DFA3BCF-B96A-4D41-804B-911B0291DF82}.AppStore|ARM.ActiveCfg = Release|Any CPU
		{9DFA3BCF-B96A-4D41-804B-911B0291DF82}.AppStore|ARM.Build.0 = Release|Any CPU
		{9DFA3BCF-B96A-4D41-804B-911B0291DF82}.AppStore|iPhone.ActiveCfg = Release|Any CPU
		{9DFA3BCF-B96A-4D41-804B-911B0291DF82}.AppStore|iPhone.Build.0 = Release|Any CPU
		{9DFA3BCF-B96A-4D41-804B-911B0291DF82}.AppStore|iPhoneSimulator.ActiveCfg = Release|Any CPU
		{9DFA3BCF-B96A-4D41-804B-911B0291DF82}.AppStore|iPhoneSimulator.Build.0 = Release|Any CPU
		{9DFA3BCF-B96A-4D41-804B-911B0291DF82}.AppStore|x64.ActiveCfg = Debug|Any CPU
		{9DFA3BCF-B96A-4D41-804B-911B0291DF82}.AppStore|x64.Build.0 = Debug|Any CPU
		{9DFA3BCF-B96A-4D41-804B-911B0291DF82}.AppStore|x86.ActiveCfg = Release|Any CPU
		{9DFA3BCF-B96A-4D41-804B-911B0291DF82}.AppStore|x86.Build.0 = Release|Any CPU
		{9DFA3BCF-B96A-4D41-804B-911B0291DF82}.Debug|Any CPU.ActiveCfg = Debug|Any CPU
		{9DFA3BCF-B96A-4D41-804B-911B0291DF82}.Debug|Any CPU.Build.0 = Debug|Any CPU
		{9DFA3BCF-B96A-4D41-804B-911B0291DF82}.Debug|ARM.ActiveCfg = Debug|Any CPU
		{9DFA3BCF-B96A-4D41-804B-911B0291DF82}.Debug|ARM.Build.0 = Debug|Any CPU
		{9DFA3BCF-B96A-4D41-804B-911B0291DF82}.Debug|iPhone.ActiveCfg = Debug|Any CPU
		{9DFA3BCF-B96A-4D41-804B-911B0291DF82}.Debug|iPhone.Build.0 = Debug|Any CPU
		{9DFA3BCF-B96A-4D41-804B-911B0291DF82}.Debug|iPhoneSimulator.ActiveCfg = Debug|Any CPU
		{9DFA3BCF-B96A-4D41-804B-911B0291DF82}.Debug|iPhoneSimulator.Build.0 = Debug|Any CPU
		{9DFA3BCF-B96A-4D41-804B-911B0291DF82}.Debug|x64.ActiveCfg = Debug|Any CPU
		{9DFA3BCF-B96A-4D41-804B-911B0291DF82}.Debug|x64.Build.0 = Debug|Any CPU
		{9DFA3BCF-B96A-4D41-804B-911B0291DF82}.Debug|x86.ActiveCfg = Debug|Any CPU
		{9DFA3BCF-B96A-4D41-804B-911B0291DF82}.Debug|x86.Build.0 = Debug|Any CPU
		{9DFA3BCF-B96A-4D41-804B-911B0291DF82}.Release|Any CPU.ActiveCfg = Release|Any CPU
		{9DFA3BCF-B96A-4D41-804B-911B0291DF82}.Release|Any CPU.Build.0 = Release|Any CPU
		{9DFA3BCF-B96A-4D41-804B-911B0291DF82}.Release|ARM.ActiveCfg = Release|Any CPU
		{9DFA3BCF-B96A-4D41-804B-911B0291DF82}.Release|ARM.Build.0 = Release|Any CPU
		{9DFA3BCF-B96A-4D41-804B-911B0291DF82}.Release|iPhone.ActiveCfg = Release|Any CPU
		{9DFA3BCF-B96A-4D41-804B-911B0291DF82}.Release|iPhone.Build.0 = Release|Any CPU
		{9DFA3BCF-B96A-4D41-804B-911B0291DF82}.Release|iPhoneSimulator.ActiveCfg = Release|Any CPU
		{9DFA3BCF-B96A-4D41-804B-911B0291DF82}.Release|iPhoneSimulator.Build.0 = Release|Any CPU
		{9DFA3BCF-B96A-4D41-804B-911B0291DF82}.Release|x64.ActiveCfg = Release|Any CPU
		{9DFA3BCF-B96A-4D41-804B-911B0291DF82}.Release|x64.Build.0 = Release|Any CPU
		{9DFA3BCF-B96A-4D41-804B-911B0291DF82}.Release|x86.ActiveCfg = Release|Any CPU
		{9DFA3BCF-B96A-4D41-804B-911B0291DF82}.Release|x86.Build.0 = Release|Any CPU
		{249D1EBD-2C68-4D6C-81E0-EFC9DD921472}.Ad-Hoc|Any CPU.ActiveCfg = Release|Any CPU
		{249D1EBD-2C68-4D6C-81E0-EFC9DD921472}.Ad-Hoc|Any CPU.Build.0 = Release|Any CPU
		{249D1EBD-2C68-4D6C-81E0-EFC9DD921472}.Ad-Hoc|ARM.ActiveCfg = Release|Any CPU
		{249D1EBD-2C68-4D6C-81E0-EFC9DD921472}.Ad-Hoc|ARM.Build.0 = Release|Any CPU
		{249D1EBD-2C68-4D6C-81E0-EFC9DD921472}.Ad-Hoc|iPhone.ActiveCfg = Release|Any CPU
		{249D1EBD-2C68-4D6C-81E0-EFC9DD921472}.Ad-Hoc|iPhone.Build.0 = Release|Any CPU
		{249D1EBD-2C68-4D6C-81E0-EFC9DD921472}.Ad-Hoc|iPhoneSimulator.ActiveCfg = Release|Any CPU
		{249D1EBD-2C68-4D6C-81E0-EFC9DD921472}.Ad-Hoc|iPhoneSimulator.Build.0 = Release|Any CPU
		{249D1EBD-2C68-4D6C-81E0-EFC9DD921472}.Ad-Hoc|x64.ActiveCfg = Debug|Any CPU
		{249D1EBD-2C68-4D6C-81E0-EFC9DD921472}.Ad-Hoc|x64.Build.0 = Debug|Any CPU
		{249D1EBD-2C68-4D6C-81E0-EFC9DD921472}.Ad-Hoc|x86.ActiveCfg = Release|Any CPU
		{249D1EBD-2C68-4D6C-81E0-EFC9DD921472}.Ad-Hoc|x86.Build.0 = Release|Any CPU
		{249D1EBD-2C68-4D6C-81E0-EFC9DD921472}.AppStore|Any CPU.ActiveCfg = Release|Any CPU
		{249D1EBD-2C68-4D6C-81E0-EFC9DD921472}.AppStore|Any CPU.Build.0 = Release|Any CPU
		{249D1EBD-2C68-4D6C-81E0-EFC9DD921472}.AppStore|ARM.ActiveCfg = Release|Any CPU
		{249D1EBD-2C68-4D6C-81E0-EFC9DD921472}.AppStore|ARM.Build.0 = Release|Any CPU
		{249D1EBD-2C68-4D6C-81E0-EFC9DD921472}.AppStore|iPhone.ActiveCfg = Release|Any CPU
		{249D1EBD-2C68-4D6C-81E0-EFC9DD921472}.AppStore|iPhone.Build.0 = Release|Any CPU
		{249D1EBD-2C68-4D6C-81E0-EFC9DD921472}.AppStore|iPhoneSimulator.ActiveCfg = Release|Any CPU
		{249D1EBD-2C68-4D6C-81E0-EFC9DD921472}.AppStore|iPhoneSimulator.Build.0 = Release|Any CPU
		{249D1EBD-2C68-4D6C-81E0-EFC9DD921472}.AppStore|x64.ActiveCfg = Debug|Any CPU
		{249D1EBD-2C68-4D6C-81E0-EFC9DD921472}.AppStore|x64.Build.0 = Debug|Any CPU
		{249D1EBD-2C68-4D6C-81E0-EFC9DD921472}.AppStore|x86.ActiveCfg = Release|Any CPU
		{249D1EBD-2C68-4D6C-81E0-EFC9DD921472}.AppStore|x86.Build.0 = Release|Any CPU
		{249D1EBD-2C68-4D6C-81E0-EFC9DD921472}.Debug|Any CPU.ActiveCfg = Debug|Any CPU
		{249D1EBD-2C68-4D6C-81E0-EFC9DD921472}.Debug|Any CPU.Build.0 = Debug|Any CPU
		{249D1EBD-2C68-4D6C-81E0-EFC9DD921472}.Debug|ARM.ActiveCfg = Debug|Any CPU
		{249D1EBD-2C68-4D6C-81E0-EFC9DD921472}.Debug|ARM.Build.0 = Debug|Any CPU
		{249D1EBD-2C68-4D6C-81E0-EFC9DD921472}.Debug|iPhone.ActiveCfg = Debug|Any CPU
		{249D1EBD-2C68-4D6C-81E0-EFC9DD921472}.Debug|iPhone.Build.0 = Debug|Any CPU
		{249D1EBD-2C68-4D6C-81E0-EFC9DD921472}.Debug|iPhoneSimulator.ActiveCfg = Debug|Any CPU
		{249D1EBD-2C68-4D6C-81E0-EFC9DD921472}.Debug|iPhoneSimulator.Build.0 = Debug|Any CPU
		{249D1EBD-2C68-4D6C-81E0-EFC9DD921472}.Debug|x64.ActiveCfg = Debug|Any CPU
		{249D1EBD-2C68-4D6C-81E0-EFC9DD921472}.Debug|x64.Build.0 = Debug|Any CPU
		{249D1EBD-2C68-4D6C-81E0-EFC9DD921472}.Debug|x86.ActiveCfg = Debug|Any CPU
		{249D1EBD-2C68-4D6C-81E0-EFC9DD921472}.Debug|x86.Build.0 = Debug|Any CPU
		{249D1EBD-2C68-4D6C-81E0-EFC9DD921472}.Release|Any CPU.ActiveCfg = Release|Any CPU
		{249D1EBD-2C68-4D6C-81E0-EFC9DD921472}.Release|Any CPU.Build.0 = Release|Any CPU
		{249D1EBD-2C68-4D6C-81E0-EFC9DD921472}.Release|ARM.ActiveCfg = Release|Any CPU
		{249D1EBD-2C68-4D6C-81E0-EFC9DD921472}.Release|ARM.Build.0 = Release|Any CPU
		{249D1EBD-2C68-4D6C-81E0-EFC9DD921472}.Release|iPhone.ActiveCfg = Release|Any CPU
		{249D1EBD-2C68-4D6C-81E0-EFC9DD921472}.Release|iPhone.Build.0 = Release|Any CPU
		{249D1EBD-2C68-4D6C-81E0-EFC9DD921472}.Release|iPhoneSimulator.ActiveCfg = Release|Any CPU
		{249D1EBD-2C68-4D6C-81E0-EFC9DD921472}.Release|iPhoneSimulator.Build.0 = Release|Any CPU
		{249D1EBD-2C68-4D6C-81E0-EFC9DD921472}.Release|x64.ActiveCfg = Release|Any CPU
		{249D1EBD-2C68-4D6C-81E0-EFC9DD921472}.Release|x64.Build.0 = Release|Any CPU
		{249D1EBD-2C68-4D6C-81E0-EFC9DD921472}.Release|x86.ActiveCfg = Release|Any CPU
		{249D1EBD-2C68-4D6C-81E0-EFC9DD921472}.Release|x86.Build.0 = Release|Any CPU
		{0FA6ADD7-7947-4610-AE24-A25FCF9E2B37}.Ad-Hoc|Any CPU.ActiveCfg = Release|Any CPU
		{0FA6ADD7-7947-4610-AE24-A25FCF9E2B37}.Ad-Hoc|Any CPU.Build.0 = Release|Any CPU
		{0FA6ADD7-7947-4610-AE24-A25FCF9E2B37}.Ad-Hoc|Any CPU.Deploy.0 = Release|Any CPU
		{0FA6ADD7-7947-4610-AE24-A25FCF9E2B37}.Ad-Hoc|ARM.ActiveCfg = Release|Any CPU
		{0FA6ADD7-7947-4610-AE24-A25FCF9E2B37}.Ad-Hoc|ARM.Build.0 = Release|Any CPU
		{0FA6ADD7-7947-4610-AE24-A25FCF9E2B37}.Ad-Hoc|ARM.Deploy.0 = Release|Any CPU
		{0FA6ADD7-7947-4610-AE24-A25FCF9E2B37}.Ad-Hoc|iPhone.ActiveCfg = Release|Any CPU
		{0FA6ADD7-7947-4610-AE24-A25FCF9E2B37}.Ad-Hoc|iPhone.Build.0 = Release|Any CPU
		{0FA6ADD7-7947-4610-AE24-A25FCF9E2B37}.Ad-Hoc|iPhone.Deploy.0 = Release|Any CPU
		{0FA6ADD7-7947-4610-AE24-A25FCF9E2B37}.Ad-Hoc|iPhoneSimulator.ActiveCfg = Release|Any CPU
		{0FA6ADD7-7947-4610-AE24-A25FCF9E2B37}.Ad-Hoc|iPhoneSimulator.Build.0 = Release|Any CPU
		{0FA6ADD7-7947-4610-AE24-A25FCF9E2B37}.Ad-Hoc|iPhoneSimulator.Deploy.0 = Release|Any CPU
		{0FA6ADD7-7947-4610-AE24-A25FCF9E2B37}.Ad-Hoc|x64.ActiveCfg = Release|Any CPU
		{0FA6ADD7-7947-4610-AE24-A25FCF9E2B37}.Ad-Hoc|x64.Build.0 = Release|Any CPU
		{0FA6ADD7-7947-4610-AE24-A25FCF9E2B37}.Ad-Hoc|x64.Deploy.0 = Release|Any CPU
		{0FA6ADD7-7947-4610-AE24-A25FCF9E2B37}.Ad-Hoc|x86.ActiveCfg = Release|Any CPU
		{0FA6ADD7-7947-4610-AE24-A25FCF9E2B37}.Ad-Hoc|x86.Build.0 = Release|Any CPU
		{0FA6ADD7-7947-4610-AE24-A25FCF9E2B37}.Ad-Hoc|x86.Deploy.0 = Release|Any CPU
		{0FA6ADD7-7947-4610-AE24-A25FCF9E2B37}.AppStore|Any CPU.ActiveCfg = Release|Any CPU
		{0FA6ADD7-7947-4610-AE24-A25FCF9E2B37}.AppStore|Any CPU.Build.0 = Release|Any CPU
		{0FA6ADD7-7947-4610-AE24-A25FCF9E2B37}.AppStore|Any CPU.Deploy.0 = Release|Any CPU
		{0FA6ADD7-7947-4610-AE24-A25FCF9E2B37}.AppStore|ARM.ActiveCfg = Release|Any CPU
		{0FA6ADD7-7947-4610-AE24-A25FCF9E2B37}.AppStore|ARM.Build.0 = Release|Any CPU
		{0FA6ADD7-7947-4610-AE24-A25FCF9E2B37}.AppStore|ARM.Deploy.0 = Release|Any CPU
		{0FA6ADD7-7947-4610-AE24-A25FCF9E2B37}.AppStore|iPhone.ActiveCfg = Release|Any CPU
		{0FA6ADD7-7947-4610-AE24-A25FCF9E2B37}.AppStore|iPhone.Build.0 = Release|Any CPU
		{0FA6ADD7-7947-4610-AE24-A25FCF9E2B37}.AppStore|iPhone.Deploy.0 = Release|Any CPU
		{0FA6ADD7-7947-4610-AE24-A25FCF9E2B37}.AppStore|iPhoneSimulator.ActiveCfg = Release|Any CPU
		{0FA6ADD7-7947-4610-AE24-A25FCF9E2B37}.AppStore|iPhoneSimulator.Build.0 = Release|Any CPU
		{0FA6ADD7-7947-4610-AE24-A25FCF9E2B37}.AppStore|iPhoneSimulator.Deploy.0 = Release|Any CPU
		{0FA6ADD7-7947-4610-AE24-A25FCF9E2B37}.AppStore|x64.ActiveCfg = Release|Any CPU
		{0FA6ADD7-7947-4610-AE24-A25FCF9E2B37}.AppStore|x64.Build.0 = Release|Any CPU
		{0FA6ADD7-7947-4610-AE24-A25FCF9E2B37}.AppStore|x64.Deploy.0 = Release|Any CPU
		{0FA6ADD7-7947-4610-AE24-A25FCF9E2B37}.AppStore|x86.ActiveCfg = Release|Any CPU
		{0FA6ADD7-7947-4610-AE24-A25FCF9E2B37}.AppStore|x86.Build.0 = Release|Any CPU
		{0FA6ADD7-7947-4610-AE24-A25FCF9E2B37}.AppStore|x86.Deploy.0 = Release|Any CPU
		{0FA6ADD7-7947-4610-AE24-A25FCF9E2B37}.Debug|Any CPU.ActiveCfg = Debug|Any CPU
		{0FA6ADD7-7947-4610-AE24-A25FCF9E2B37}.Debug|Any CPU.Build.0 = Debug|Any CPU
		{0FA6ADD7-7947-4610-AE24-A25FCF9E2B37}.Debug|Any CPU.Deploy.0 = Debug|Any CPU
		{0FA6ADD7-7947-4610-AE24-A25FCF9E2B37}.Debug|ARM.ActiveCfg = Debug|Any CPU
		{0FA6ADD7-7947-4610-AE24-A25FCF9E2B37}.Debug|ARM.Build.0 = Debug|Any CPU
		{0FA6ADD7-7947-4610-AE24-A25FCF9E2B37}.Debug|ARM.Deploy.0 = Debug|Any CPU
		{0FA6ADD7-7947-4610-AE24-A25FCF9E2B37}.Debug|iPhone.ActiveCfg = Debug|Any CPU
		{0FA6ADD7-7947-4610-AE24-A25FCF9E2B37}.Debug|iPhone.Build.0 = Debug|Any CPU
		{0FA6ADD7-7947-4610-AE24-A25FCF9E2B37}.Debug|iPhone.Deploy.0 = Debug|Any CPU
		{0FA6ADD7-7947-4610-AE24-A25FCF9E2B37}.Debug|iPhoneSimulator.ActiveCfg = Debug|Any CPU
		{0FA6ADD7-7947-4610-AE24-A25FCF9E2B37}.Debug|iPhoneSimulator.Build.0 = Debug|Any CPU
		{0FA6ADD7-7947-4610-AE24-A25FCF9E2B37}.Debug|iPhoneSimulator.Deploy.0 = Debug|Any CPU
		{0FA6ADD7-7947-4610-AE24-A25FCF9E2B37}.Debug|x64.ActiveCfg = Debug|Any CPU
		{0FA6ADD7-7947-4610-AE24-A25FCF9E2B37}.Debug|x64.Build.0 = Debug|Any CPU
		{0FA6ADD7-7947-4610-AE24-A25FCF9E2B37}.Debug|x64.Deploy.0 = Debug|Any CPU
		{0FA6ADD7-7947-4610-AE24-A25FCF9E2B37}.Debug|x86.ActiveCfg = Debug|Any CPU
		{0FA6ADD7-7947-4610-AE24-A25FCF9E2B37}.Debug|x86.Build.0 = Debug|Any CPU
		{0FA6ADD7-7947-4610-AE24-A25FCF9E2B37}.Debug|x86.Deploy.0 = Debug|Any CPU
		{0FA6ADD7-7947-4610-AE24-A25FCF9E2B37}.Release|Any CPU.ActiveCfg = Release|Any CPU
		{0FA6ADD7-7947-4610-AE24-A25FCF9E2B37}.Release|Any CPU.Build.0 = Release|Any CPU
		{0FA6ADD7-7947-4610-AE24-A25FCF9E2B37}.Release|Any CPU.Deploy.0 = Release|Any CPU
		{0FA6ADD7-7947-4610-AE24-A25FCF9E2B37}.Release|ARM.ActiveCfg = Release|Any CPU
		{0FA6ADD7-7947-4610-AE24-A25FCF9E2B37}.Release|ARM.Build.0 = Release|Any CPU
		{0FA6ADD7-7947-4610-AE24-A25FCF9E2B37}.Release|ARM.Deploy.0 = Release|Any CPU
		{0FA6ADD7-7947-4610-AE24-A25FCF9E2B37}.Release|iPhone.ActiveCfg = Release|Any CPU
		{0FA6ADD7-7947-4610-AE24-A25FCF9E2B37}.Release|iPhone.Build.0 = Release|Any CPU
		{0FA6ADD7-7947-4610-AE24-A25FCF9E2B37}.Release|iPhone.Deploy.0 = Release|Any CPU
		{0FA6ADD7-7947-4610-AE24-A25FCF9E2B37}.Release|iPhoneSimulator.ActiveCfg = Release|Any CPU
		{0FA6ADD7-7947-4610-AE24-A25FCF9E2B37}.Release|iPhoneSimulator.Build.0 = Release|Any CPU
		{0FA6ADD7-7947-4610-AE24-A25FCF9E2B37}.Release|iPhoneSimulator.Deploy.0 = Release|Any CPU
		{0FA6ADD7-7947-4610-AE24-A25FCF9E2B37}.Release|x64.ActiveCfg = Release|Any CPU
		{0FA6ADD7-7947-4610-AE24-A25FCF9E2B37}.Release|x64.Build.0 = Release|Any CPU
		{0FA6ADD7-7947-4610-AE24-A25FCF9E2B37}.Release|x64.Deploy.0 = Release|Any CPU
		{0FA6ADD7-7947-4610-AE24-A25FCF9E2B37}.Release|x86.ActiveCfg = Release|Any CPU
		{0FA6ADD7-7947-4610-AE24-A25FCF9E2B37}.Release|x86.Build.0 = Release|Any CPU
		{0FA6ADD7-7947-4610-AE24-A25FCF9E2B37}.Release|x86.Deploy.0 = Release|Any CPU
		{22282EDD-0A6B-4535-8AC0-694F3E17014C}.Ad-Hoc|Any CPU.ActiveCfg = Ad-Hoc|iPhone
		{22282EDD-0A6B-4535-8AC0-694F3E17014C}.Ad-Hoc|ARM.ActiveCfg = Ad-Hoc|iPhone
		{22282EDD-0A6B-4535-8AC0-694F3E17014C}.Ad-Hoc|iPhone.ActiveCfg = Ad-Hoc|iPhone
		{22282EDD-0A6B-4535-8AC0-694F3E17014C}.Ad-Hoc|iPhone.Build.0 = Ad-Hoc|iPhone
		{22282EDD-0A6B-4535-8AC0-694F3E17014C}.Ad-Hoc|iPhoneSimulator.ActiveCfg = Ad-Hoc|iPhoneSimulator
		{22282EDD-0A6B-4535-8AC0-694F3E17014C}.Ad-Hoc|iPhoneSimulator.Build.0 = Ad-Hoc|iPhoneSimulator
		{22282EDD-0A6B-4535-8AC0-694F3E17014C}.Ad-Hoc|x64.ActiveCfg = Ad-Hoc|iPhone
		{22282EDD-0A6B-4535-8AC0-694F3E17014C}.Ad-Hoc|x86.ActiveCfg = Ad-Hoc|iPhone
		{22282EDD-0A6B-4535-8AC0-694F3E17014C}.AppStore|Any CPU.ActiveCfg = AppStore|iPhone
		{22282EDD-0A6B-4535-8AC0-694F3E17014C}.AppStore|ARM.ActiveCfg = AppStore|iPhone
		{22282EDD-0A6B-4535-8AC0-694F3E17014C}.AppStore|iPhone.ActiveCfg = AppStore|iPhone
		{22282EDD-0A6B-4535-8AC0-694F3E17014C}.AppStore|iPhone.Build.0 = AppStore|iPhone
		{22282EDD-0A6B-4535-8AC0-694F3E17014C}.AppStore|iPhoneSimulator.ActiveCfg = AppStore|iPhoneSimulator
		{22282EDD-0A6B-4535-8AC0-694F3E17014C}.AppStore|iPhoneSimulator.Build.0 = AppStore|iPhoneSimulator
		{22282EDD-0A6B-4535-8AC0-694F3E17014C}.AppStore|x64.ActiveCfg = AppStore|iPhone
		{22282EDD-0A6B-4535-8AC0-694F3E17014C}.AppStore|x86.ActiveCfg = AppStore|iPhone
		{22282EDD-0A6B-4535-8AC0-694F3E17014C}.Debug|Any CPU.ActiveCfg = Debug|iPhone
		{22282EDD-0A6B-4535-8AC0-694F3E17014C}.Debug|ARM.ActiveCfg = Debug|iPhone
		{22282EDD-0A6B-4535-8AC0-694F3E17014C}.Debug|iPhone.ActiveCfg = Debug|iPhone
		{22282EDD-0A6B-4535-8AC0-694F3E17014C}.Debug|iPhone.Build.0 = Debug|iPhone
		{22282EDD-0A6B-4535-8AC0-694F3E17014C}.Debug|iPhoneSimulator.ActiveCfg = Debug|iPhoneSimulator
		{22282EDD-0A6B-4535-8AC0-694F3E17014C}.Debug|iPhoneSimulator.Build.0 = Debug|iPhoneSimulator
		{22282EDD-0A6B-4535-8AC0-694F3E17014C}.Debug|x64.ActiveCfg = Debug|iPhone
		{22282EDD-0A6B-4535-8AC0-694F3E17014C}.Debug|x86.ActiveCfg = Debug|iPhone
		{22282EDD-0A6B-4535-8AC0-694F3E17014C}.Release|Any CPU.ActiveCfg = Release|iPhone
		{22282EDD-0A6B-4535-8AC0-694F3E17014C}.Release|ARM.ActiveCfg = Release|iPhone
		{22282EDD-0A6B-4535-8AC0-694F3E17014C}.Release|iPhone.ActiveCfg = Release|iPhone
		{22282EDD-0A6B-4535-8AC0-694F3E17014C}.Release|iPhone.Build.0 = Release|iPhone
		{22282EDD-0A6B-4535-8AC0-694F3E17014C}.Release|iPhoneSimulator.ActiveCfg = Release|iPhoneSimulator
		{22282EDD-0A6B-4535-8AC0-694F3E17014C}.Release|iPhoneSimulator.Build.0 = Release|iPhoneSimulator
		{22282EDD-0A6B-4535-8AC0-694F3E17014C}.Release|x64.ActiveCfg = Release|iPhone
		{22282EDD-0A6B-4535-8AC0-694F3E17014C}.Release|x86.ActiveCfg = Release|iPhone
		{DA941BFB-A13E-441F-94B1-23FF634DB654}.Ad-Hoc|Any CPU.ActiveCfg = Release|Any CPU
		{DA941BFB-A13E-441F-94B1-23FF634DB654}.Ad-Hoc|Any CPU.Build.0 = Release|Any CPU
		{DA941BFB-A13E-441F-94B1-23FF634DB654}.Ad-Hoc|Any CPU.Deploy.0 = Release|Any CPU
		{DA941BFB-A13E-441F-94B1-23FF634DB654}.Ad-Hoc|ARM.ActiveCfg = Release|ARM
		{DA941BFB-A13E-441F-94B1-23FF634DB654}.Ad-Hoc|ARM.Build.0 = Release|ARM
		{DA941BFB-A13E-441F-94B1-23FF634DB654}.Ad-Hoc|ARM.Deploy.0 = Release|ARM
		{DA941BFB-A13E-441F-94B1-23FF634DB654}.Ad-Hoc|iPhone.ActiveCfg = Release|Any CPU
		{DA941BFB-A13E-441F-94B1-23FF634DB654}.Ad-Hoc|iPhone.Build.0 = Release|Any CPU
		{DA941BFB-A13E-441F-94B1-23FF634DB654}.Ad-Hoc|iPhone.Deploy.0 = Release|Any CPU
		{DA941BFB-A13E-441F-94B1-23FF634DB654}.Ad-Hoc|iPhoneSimulator.ActiveCfg = Release|Any CPU
		{DA941BFB-A13E-441F-94B1-23FF634DB654}.Ad-Hoc|iPhoneSimulator.Build.0 = Release|Any CPU
		{DA941BFB-A13E-441F-94B1-23FF634DB654}.Ad-Hoc|iPhoneSimulator.Deploy.0 = Release|Any CPU
		{DA941BFB-A13E-441F-94B1-23FF634DB654}.Ad-Hoc|x64.ActiveCfg = Release|Any CPU
		{DA941BFB-A13E-441F-94B1-23FF634DB654}.Ad-Hoc|x64.Build.0 = Release|Any CPU
		{DA941BFB-A13E-441F-94B1-23FF634DB654}.Ad-Hoc|x64.Deploy.0 = Release|Any CPU
		{DA941BFB-A13E-441F-94B1-23FF634DB654}.Ad-Hoc|x86.ActiveCfg = Release|x86
		{DA941BFB-A13E-441F-94B1-23FF634DB654}.Ad-Hoc|x86.Build.0 = Release|x86
		{DA941BFB-A13E-441F-94B1-23FF634DB654}.Ad-Hoc|x86.Deploy.0 = Release|x86
		{DA941BFB-A13E-441F-94B1-23FF634DB654}.AppStore|Any CPU.ActiveCfg = Release|Any CPU
		{DA941BFB-A13E-441F-94B1-23FF634DB654}.AppStore|Any CPU.Build.0 = Release|Any CPU
		{DA941BFB-A13E-441F-94B1-23FF634DB654}.AppStore|Any CPU.Deploy.0 = Release|Any CPU
		{DA941BFB-A13E-441F-94B1-23FF634DB654}.AppStore|ARM.ActiveCfg = Release|ARM
		{DA941BFB-A13E-441F-94B1-23FF634DB654}.AppStore|ARM.Build.0 = Release|ARM
		{DA941BFB-A13E-441F-94B1-23FF634DB654}.AppStore|ARM.Deploy.0 = Release|ARM
		{DA941BFB-A13E-441F-94B1-23FF634DB654}.AppStore|iPhone.ActiveCfg = Release|Any CPU
		{DA941BFB-A13E-441F-94B1-23FF634DB654}.AppStore|iPhone.Build.0 = Release|Any CPU
		{DA941BFB-A13E-441F-94B1-23FF634DB654}.AppStore|iPhone.Deploy.0 = Release|Any CPU
		{DA941BFB-A13E-441F-94B1-23FF634DB654}.AppStore|iPhoneSimulator.ActiveCfg = Release|Any CPU
		{DA941BFB-A13E-441F-94B1-23FF634DB654}.AppStore|iPhoneSimulator.Build.0 = Release|Any CPU
		{DA941BFB-A13E-441F-94B1-23FF634DB654}.AppStore|iPhoneSimulator.Deploy.0 = Release|Any CPU
		{DA941BFB-A13E-441F-94B1-23FF634DB654}.AppStore|x64.ActiveCfg = Release|Any CPU
		{DA941BFB-A13E-441F-94B1-23FF634DB654}.AppStore|x64.Build.0 = Release|Any CPU
		{DA941BFB-A13E-441F-94B1-23FF634DB654}.AppStore|x64.Deploy.0 = Release|Any CPU
		{DA941BFB-A13E-441F-94B1-23FF634DB654}.AppStore|x86.ActiveCfg = Release|x86
		{DA941BFB-A13E-441F-94B1-23FF634DB654}.AppStore|x86.Build.0 = Release|x86
		{DA941BFB-A13E-441F-94B1-23FF634DB654}.AppStore|x86.Deploy.0 = Release|x86
		{DA941BFB-A13E-441F-94B1-23FF634DB654}.Debug|Any CPU.ActiveCfg = Debug|Any CPU
		{DA941BFB-A13E-441F-94B1-23FF634DB654}.Debug|Any CPU.Build.0 = Debug|Any CPU
		{DA941BFB-A13E-441F-94B1-23FF634DB654}.Debug|Any CPU.Deploy.0 = Debug|Any CPU
		{DA941BFB-A13E-441F-94B1-23FF634DB654}.Debug|ARM.ActiveCfg = Debug|ARM
		{DA941BFB-A13E-441F-94B1-23FF634DB654}.Debug|ARM.Build.0 = Debug|ARM
		{DA941BFB-A13E-441F-94B1-23FF634DB654}.Debug|ARM.Deploy.0 = Debug|ARM
		{DA941BFB-A13E-441F-94B1-23FF634DB654}.Debug|iPhone.ActiveCfg = Debug|Any CPU
		{DA941BFB-A13E-441F-94B1-23FF634DB654}.Debug|iPhone.Build.0 = Debug|Any CPU
		{DA941BFB-A13E-441F-94B1-23FF634DB654}.Debug|iPhone.Deploy.0 = Debug|Any CPU
		{DA941BFB-A13E-441F-94B1-23FF634DB654}.Debug|iPhoneSimulator.ActiveCfg = Debug|Any CPU
		{DA941BFB-A13E-441F-94B1-23FF634DB654}.Debug|iPhoneSimulator.Build.0 = Debug|Any CPU
		{DA941BFB-A13E-441F-94B1-23FF634DB654}.Debug|iPhoneSimulator.Deploy.0 = Debug|Any CPU
		{DA941BFB-A13E-441F-94B1-23FF634DB654}.Debug|x64.ActiveCfg = Debug|Any CPU
		{DA941BFB-A13E-441F-94B1-23FF634DB654}.Debug|x64.Build.0 = Debug|Any CPU
		{DA941BFB-A13E-441F-94B1-23FF634DB654}.Debug|x64.Deploy.0 = Debug|Any CPU
		{DA941BFB-A13E-441F-94B1-23FF634DB654}.Debug|x86.ActiveCfg = Debug|x86
		{DA941BFB-A13E-441F-94B1-23FF634DB654}.Debug|x86.Build.0 = Debug|x86
		{DA941BFB-A13E-441F-94B1-23FF634DB654}.Debug|x86.Deploy.0 = Debug|x86
		{DA941BFB-A13E-441F-94B1-23FF634DB654}.Release|Any CPU.ActiveCfg = Release|Any CPU
		{DA941BFB-A13E-441F-94B1-23FF634DB654}.Release|Any CPU.Build.0 = Release|Any CPU
		{DA941BFB-A13E-441F-94B1-23FF634DB654}.Release|Any CPU.Deploy.0 = Release|Any CPU
		{DA941BFB-A13E-441F-94B1-23FF634DB654}.Release|ARM.ActiveCfg = Release|ARM
		{DA941BFB-A13E-441F-94B1-23FF634DB654}.Release|ARM.Build.0 = Release|ARM
		{DA941BFB-A13E-441F-94B1-23FF634DB654}.Release|ARM.Deploy.0 = Release|ARM
		{DA941BFB-A13E-441F-94B1-23FF634DB654}.Release|iPhone.ActiveCfg = Release|Any CPU
		{DA941BFB-A13E-441F-94B1-23FF634DB654}.Release|iPhone.Build.0 = Release|Any CPU
		{DA941BFB-A13E-441F-94B1-23FF634DB654}.Release|iPhone.Deploy.0 = Release|Any CPU
		{DA941BFB-A13E-441F-94B1-23FF634DB654}.Release|iPhoneSimulator.ActiveCfg = Release|Any CPU
		{DA941BFB-A13E-441F-94B1-23FF634DB654}.Release|iPhoneSimulator.Build.0 = Release|Any CPU
		{DA941BFB-A13E-441F-94B1-23FF634DB654}.Release|iPhoneSimulator.Deploy.0 = Release|Any CPU
		{DA941BFB-A13E-441F-94B1-23FF634DB654}.Release|x64.ActiveCfg = Release|Any CPU
		{DA941BFB-A13E-441F-94B1-23FF634DB654}.Release|x64.Build.0 = Release|Any CPU
		{DA941BFB-A13E-441F-94B1-23FF634DB654}.Release|x64.Deploy.0 = Release|Any CPU
		{DA941BFB-A13E-441F-94B1-23FF634DB654}.Release|x86.ActiveCfg = Release|x86
		{DA941BFB-A13E-441F-94B1-23FF634DB654}.Release|x86.Build.0 = Release|x86
		{DA941BFB-A13E-441F-94B1-23FF634DB654}.Release|x86.Deploy.0 = Release|x86
		{3536BB04-D2E1-40C4-9C87-DFFB79375556}.Ad-Hoc|Any CPU.ActiveCfg = Release|x86
		{3536BB04-D2E1-40C4-9C87-DFFB79375556}.Ad-Hoc|Any CPU.Build.0 = Release|x86
		{3536BB04-D2E1-40C4-9C87-DFFB79375556}.Ad-Hoc|Any CPU.Deploy.0 = Release|x86
		{3536BB04-D2E1-40C4-9C87-DFFB79375556}.Ad-Hoc|ARM.ActiveCfg = Release|ARM
		{3536BB04-D2E1-40C4-9C87-DFFB79375556}.Ad-Hoc|ARM.Build.0 = Release|ARM
		{3536BB04-D2E1-40C4-9C87-DFFB79375556}.Ad-Hoc|ARM.Deploy.0 = Release|ARM
		{3536BB04-D2E1-40C4-9C87-DFFB79375556}.Ad-Hoc|iPhone.ActiveCfg = Release|x86
		{3536BB04-D2E1-40C4-9C87-DFFB79375556}.Ad-Hoc|iPhone.Build.0 = Release|x86
		{3536BB04-D2E1-40C4-9C87-DFFB79375556}.Ad-Hoc|iPhone.Deploy.0 = Release|x86
		{3536BB04-D2E1-40C4-9C87-DFFB79375556}.Ad-Hoc|iPhoneSimulator.ActiveCfg = Release|x86
		{3536BB04-D2E1-40C4-9C87-DFFB79375556}.Ad-Hoc|iPhoneSimulator.Build.0 = Release|x86
		{3536BB04-D2E1-40C4-9C87-DFFB79375556}.Ad-Hoc|iPhoneSimulator.Deploy.0 = Release|x86
		{3536BB04-D2E1-40C4-9C87-DFFB79375556}.Ad-Hoc|x64.ActiveCfg = Release|x64
		{3536BB04-D2E1-40C4-9C87-DFFB79375556}.Ad-Hoc|x64.Build.0 = Release|x64
		{3536BB04-D2E1-40C4-9C87-DFFB79375556}.Ad-Hoc|x64.Deploy.0 = Release|x64
		{3536BB04-D2E1-40C4-9C87-DFFB79375556}.Ad-Hoc|x86.ActiveCfg = Release|x86
		{3536BB04-D2E1-40C4-9C87-DFFB79375556}.Ad-Hoc|x86.Build.0 = Release|x86
		{3536BB04-D2E1-40C4-9C87-DFFB79375556}.Ad-Hoc|x86.Deploy.0 = Release|x86
		{3536BB04-D2E1-40C4-9C87-DFFB79375556}.AppStore|Any CPU.ActiveCfg = Release|x86
		{3536BB04-D2E1-40C4-9C87-DFFB79375556}.AppStore|Any CPU.Build.0 = Release|x86
		{3536BB04-D2E1-40C4-9C87-DFFB79375556}.AppStore|Any CPU.Deploy.0 = Release|x86
		{3536BB04-D2E1-40C4-9C87-DFFB79375556}.AppStore|ARM.ActiveCfg = Release|ARM
		{3536BB04-D2E1-40C4-9C87-DFFB79375556}.AppStore|ARM.Build.0 = Release|ARM
		{3536BB04-D2E1-40C4-9C87-DFFB79375556}.AppStore|ARM.Deploy.0 = Release|ARM
		{3536BB04-D2E1-40C4-9C87-DFFB79375556}.AppStore|iPhone.ActiveCfg = Release|x86
		{3536BB04-D2E1-40C4-9C87-DFFB79375556}.AppStore|iPhone.Build.0 = Release|x86
		{3536BB04-D2E1-40C4-9C87-DFFB79375556}.AppStore|iPhone.Deploy.0 = Release|x86
		{3536BB04-D2E1-40C4-9C87-DFFB79375556}.AppStore|iPhoneSimulator.ActiveCfg = Release|x86
		{3536BB04-D2E1-40C4-9C87-DFFB79375556}.AppStore|iPhoneSimulator.Build.0 = Release|x86
		{3536BB04-D2E1-40C4-9C87-DFFB79375556}.AppStore|iPhoneSimulator.Deploy.0 = Release|x86
		{3536BB04-D2E1-40C4-9C87-DFFB79375556}.AppStore|x64.ActiveCfg = Release|x64
		{3536BB04-D2E1-40C4-9C87-DFFB79375556}.AppStore|x64.Build.0 = Release|x64
		{3536BB04-D2E1-40C4-9C87-DFFB79375556}.AppStore|x64.Deploy.0 = Release|x64
		{3536BB04-D2E1-40C4-9C87-DFFB79375556}.AppStore|x86.ActiveCfg = Release|x86
		{3536BB04-D2E1-40C4-9C87-DFFB79375556}.AppStore|x86.Build.0 = Release|x86
		{3536BB04-D2E1-40C4-9C87-DFFB79375556}.AppStore|x86.Deploy.0 = Release|x86
		{3536BB04-D2E1-40C4-9C87-DFFB79375556}.Debug|Any CPU.ActiveCfg = Debug|x86
		{3536BB04-D2E1-40C4-9C87-DFFB79375556}.Debug|ARM.ActiveCfg = Debug|ARM
		{3536BB04-D2E1-40C4-9C87-DFFB79375556}.Debug|ARM.Build.0 = Debug|ARM
		{3536BB04-D2E1-40C4-9C87-DFFB79375556}.Debug|ARM.Deploy.0 = Debug|ARM
		{3536BB04-D2E1-40C4-9C87-DFFB79375556}.Debug|iPhone.ActiveCfg = Debug|x86
		{3536BB04-D2E1-40C4-9C87-DFFB79375556}.Debug|iPhoneSimulator.ActiveCfg = Debug|x86
		{3536BB04-D2E1-40C4-9C87-DFFB79375556}.Debug|x64.ActiveCfg = Debug|x64
		{3536BB04-D2E1-40C4-9C87-DFFB79375556}.Debug|x64.Build.0 = Debug|x64
		{3536BB04-D2E1-40C4-9C87-DFFB79375556}.Debug|x64.Deploy.0 = Debug|x64
		{3536BB04-D2E1-40C4-9C87-DFFB79375556}.Debug|x86.ActiveCfg = Debug|x86
		{3536BB04-D2E1-40C4-9C87-DFFB79375556}.Debug|x86.Build.0 = Debug|x86
		{3536BB04-D2E1-40C4-9C87-DFFB79375556}.Debug|x86.Deploy.0 = Debug|x86
		{3536BB04-D2E1-40C4-9C87-DFFB79375556}.Release|Any CPU.ActiveCfg = Release|x86
		{3536BB04-D2E1-40C4-9C87-DFFB79375556}.Release|ARM.ActiveCfg = Release|ARM
		{3536BB04-D2E1-40C4-9C87-DFFB79375556}.Release|ARM.Build.0 = Release|ARM
		{3536BB04-D2E1-40C4-9C87-DFFB79375556}.Release|ARM.Deploy.0 = Release|ARM
		{3536BB04-D2E1-40C4-9C87-DFFB79375556}.Release|iPhone.ActiveCfg = Release|x86
		{3536BB04-D2E1-40C4-9C87-DFFB79375556}.Release|iPhoneSimulator.ActiveCfg = Release|x86
		{3536BB04-D2E1-40C4-9C87-DFFB79375556}.Release|x64.ActiveCfg = Release|x64
		{3536BB04-D2E1-40C4-9C87-DFFB79375556}.Release|x64.Build.0 = Release|x64
		{3536BB04-D2E1-40C4-9C87-DFFB79375556}.Release|x64.Deploy.0 = Release|x64
		{3536BB04-D2E1-40C4-9C87-DFFB79375556}.Release|x86.ActiveCfg = Release|x86
		{3536BB04-D2E1-40C4-9C87-DFFB79375556}.Release|x86.Build.0 = Release|x86
		{3536BB04-D2E1-40C4-9C87-DFFB79375556}.Release|x86.Deploy.0 = Release|x86
		{CA5E91EE-E078-4F6D-AEB3-671FE2A15200}.Ad-Hoc|Any CPU.ActiveCfg = Release|Any CPU
		{CA5E91EE-E078-4F6D-AEB3-671FE2A15200}.Ad-Hoc|Any CPU.Build.0 = Release|Any CPU
		{CA5E91EE-E078-4F6D-AEB3-671FE2A15200}.Ad-Hoc|Any CPU.Deploy.0 = Release|Any CPU
		{CA5E91EE-E078-4F6D-AEB3-671FE2A15200}.Ad-Hoc|ARM.ActiveCfg = Release|ARM
		{CA5E91EE-E078-4F6D-AEB3-671FE2A15200}.Ad-Hoc|ARM.Build.0 = Release|ARM
		{CA5E91EE-E078-4F6D-AEB3-671FE2A15200}.Ad-Hoc|ARM.Deploy.0 = Release|ARM
		{CA5E91EE-E078-4F6D-AEB3-671FE2A15200}.Ad-Hoc|iPhone.ActiveCfg = Release|Any CPU
		{CA5E91EE-E078-4F6D-AEB3-671FE2A15200}.Ad-Hoc|iPhone.Build.0 = Release|Any CPU
		{CA5E91EE-E078-4F6D-AEB3-671FE2A15200}.Ad-Hoc|iPhone.Deploy.0 = Release|Any CPU
		{CA5E91EE-E078-4F6D-AEB3-671FE2A15200}.Ad-Hoc|iPhoneSimulator.ActiveCfg = Release|Any CPU
		{CA5E91EE-E078-4F6D-AEB3-671FE2A15200}.Ad-Hoc|iPhoneSimulator.Build.0 = Release|Any CPU
		{CA5E91EE-E078-4F6D-AEB3-671FE2A15200}.Ad-Hoc|iPhoneSimulator.Deploy.0 = Release|Any CPU
		{CA5E91EE-E078-4F6D-AEB3-671FE2A15200}.Ad-Hoc|x64.ActiveCfg = Release|x64
		{CA5E91EE-E078-4F6D-AEB3-671FE2A15200}.Ad-Hoc|x64.Build.0 = Release|x64
		{CA5E91EE-E078-4F6D-AEB3-671FE2A15200}.Ad-Hoc|x64.Deploy.0 = Release|x64
		{CA5E91EE-E078-4F6D-AEB3-671FE2A15200}.Ad-Hoc|x86.ActiveCfg = Release|x86
		{CA5E91EE-E078-4F6D-AEB3-671FE2A15200}.Ad-Hoc|x86.Build.0 = Release|x86
		{CA5E91EE-E078-4F6D-AEB3-671FE2A15200}.Ad-Hoc|x86.Deploy.0 = Release|x86
		{CA5E91EE-E078-4F6D-AEB3-671FE2A15200}.AppStore|Any CPU.ActiveCfg = Release|Any CPU
		{CA5E91EE-E078-4F6D-AEB3-671FE2A15200}.AppStore|Any CPU.Build.0 = Release|Any CPU
		{CA5E91EE-E078-4F6D-AEB3-671FE2A15200}.AppStore|Any CPU.Deploy.0 = Release|Any CPU
		{CA5E91EE-E078-4F6D-AEB3-671FE2A15200}.AppStore|ARM.ActiveCfg = Release|ARM
		{CA5E91EE-E078-4F6D-AEB3-671FE2A15200}.AppStore|ARM.Build.0 = Release|ARM
		{CA5E91EE-E078-4F6D-AEB3-671FE2A15200}.AppStore|ARM.Deploy.0 = Release|ARM
		{CA5E91EE-E078-4F6D-AEB3-671FE2A15200}.AppStore|iPhone.ActiveCfg = Release|Any CPU
		{CA5E91EE-E078-4F6D-AEB3-671FE2A15200}.AppStore|iPhone.Build.0 = Release|Any CPU
		{CA5E91EE-E078-4F6D-AEB3-671FE2A15200}.AppStore|iPhone.Deploy.0 = Release|Any CPU
		{CA5E91EE-E078-4F6D-AEB3-671FE2A15200}.AppStore|iPhoneSimulator.ActiveCfg = Release|Any CPU
		{CA5E91EE-E078-4F6D-AEB3-671FE2A15200}.AppStore|iPhoneSimulator.Build.0 = Release|Any CPU
		{CA5E91EE-E078-4F6D-AEB3-671FE2A15200}.AppStore|iPhoneSimulator.Deploy.0 = Release|Any CPU
		{CA5E91EE-E078-4F6D-AEB3-671FE2A15200}.AppStore|x64.ActiveCfg = Release|x64
		{CA5E91EE-E078-4F6D-AEB3-671FE2A15200}.AppStore|x64.Build.0 = Release|x64
		{CA5E91EE-E078-4F6D-AEB3-671FE2A15200}.AppStore|x64.Deploy.0 = Release|x64
		{CA5E91EE-E078-4F6D-AEB3-671FE2A15200}.AppStore|x86.ActiveCfg = Release|x86
		{CA5E91EE-E078-4F6D-AEB3-671FE2A15200}.AppStore|x86.Build.0 = Release|x86
		{CA5E91EE-E078-4F6D-AEB3-671FE2A15200}.AppStore|x86.Deploy.0 = Release|x86
		{CA5E91EE-E078-4F6D-AEB3-671FE2A15200}.Debug|Any CPU.ActiveCfg = Debug|Any CPU
		{CA5E91EE-E078-4F6D-AEB3-671FE2A15200}.Debug|Any CPU.Build.0 = Debug|Any CPU
		{CA5E91EE-E078-4F6D-AEB3-671FE2A15200}.Debug|Any CPU.Deploy.0 = Debug|Any CPU
		{CA5E91EE-E078-4F6D-AEB3-671FE2A15200}.Debug|ARM.ActiveCfg = Debug|ARM
		{CA5E91EE-E078-4F6D-AEB3-671FE2A15200}.Debug|ARM.Build.0 = Debug|ARM
		{CA5E91EE-E078-4F6D-AEB3-671FE2A15200}.Debug|ARM.Deploy.0 = Debug|ARM
		{CA5E91EE-E078-4F6D-AEB3-671FE2A15200}.Debug|iPhone.ActiveCfg = Debug|Any CPU
		{CA5E91EE-E078-4F6D-AEB3-671FE2A15200}.Debug|iPhone.Build.0 = Debug|Any CPU
		{CA5E91EE-E078-4F6D-AEB3-671FE2A15200}.Debug|iPhone.Deploy.0 = Debug|Any CPU
		{CA5E91EE-E078-4F6D-AEB3-671FE2A15200}.Debug|iPhoneSimulator.ActiveCfg = Debug|Any CPU
		{CA5E91EE-E078-4F6D-AEB3-671FE2A15200}.Debug|iPhoneSimulator.Build.0 = Debug|Any CPU
		{CA5E91EE-E078-4F6D-AEB3-671FE2A15200}.Debug|iPhoneSimulator.Deploy.0 = Debug|Any CPU
		{CA5E91EE-E078-4F6D-AEB3-671FE2A15200}.Debug|x64.ActiveCfg = Debug|x64
		{CA5E91EE-E078-4F6D-AEB3-671FE2A15200}.Debug|x64.Build.0 = Debug|x64
		{CA5E91EE-E078-4F6D-AEB3-671FE2A15200}.Debug|x64.Deploy.0 = Debug|x64
		{CA5E91EE-E078-4F6D-AEB3-671FE2A15200}.Debug|x86.ActiveCfg = Debug|x86
		{CA5E91EE-E078-4F6D-AEB3-671FE2A15200}.Debug|x86.Build.0 = Debug|x86
		{CA5E91EE-E078-4F6D-AEB3-671FE2A15200}.Debug|x86.Deploy.0 = Debug|x86
		{CA5E91EE-E078-4F6D-AEB3-671FE2A15200}.Release|Any CPU.ActiveCfg = Release|Any CPU
		{CA5E91EE-E078-4F6D-AEB3-671FE2A15200}.Release|Any CPU.Build.0 = Release|Any CPU
		{CA5E91EE-E078-4F6D-AEB3-671FE2A15200}.Release|Any CPU.Deploy.0 = Release|Any CPU
		{CA5E91EE-E078-4F6D-AEB3-671FE2A15200}.Release|ARM.ActiveCfg = Release|ARM
		{CA5E91EE-E078-4F6D-AEB3-671FE2A15200}.Release|ARM.Build.0 = Release|ARM
		{CA5E91EE-E078-4F6D-AEB3-671FE2A15200}.Release|ARM.Deploy.0 = Release|ARM
		{CA5E91EE-E078-4F6D-AEB3-671FE2A15200}.Release|iPhone.ActiveCfg = Release|Any CPU
		{CA5E91EE-E078-4F6D-AEB3-671FE2A15200}.Release|iPhone.Build.0 = Release|Any CPU
		{CA5E91EE-E078-4F6D-AEB3-671FE2A15200}.Release|iPhone.Deploy.0 = Release|Any CPU
		{CA5E91EE-E078-4F6D-AEB3-671FE2A15200}.Release|iPhoneSimulator.ActiveCfg = Release|Any CPU
		{CA5E91EE-E078-4F6D-AEB3-671FE2A15200}.Release|iPhoneSimulator.Build.0 = Release|Any CPU
		{CA5E91EE-E078-4F6D-AEB3-671FE2A15200}.Release|iPhoneSimulator.Deploy.0 = Release|Any CPU
		{CA5E91EE-E078-4F6D-AEB3-671FE2A15200}.Release|x64.ActiveCfg = Release|x64
		{CA5E91EE-E078-4F6D-AEB3-671FE2A15200}.Release|x64.Build.0 = Release|x64
		{CA5E91EE-E078-4F6D-AEB3-671FE2A15200}.Release|x64.Deploy.0 = Release|x64
		{CA5E91EE-E078-4F6D-AEB3-671FE2A15200}.Release|x86.ActiveCfg = Release|x86
		{CA5E91EE-E078-4F6D-AEB3-671FE2A15200}.Release|x86.Build.0 = Release|x86
		{CA5E91EE-E078-4F6D-AEB3-671FE2A15200}.Release|x86.Deploy.0 = Release|x86
		{67F9D3A8-F71E-4428-913F-C37AE82CDB24}.Ad-Hoc|Any CPU.ActiveCfg = Release|Any CPU
		{67F9D3A8-F71E-4428-913F-C37AE82CDB24}.Ad-Hoc|Any CPU.Build.0 = Release|Any CPU
		{67F9D3A8-F71E-4428-913F-C37AE82CDB24}.Ad-Hoc|ARM.ActiveCfg = Release|Any CPU
		{67F9D3A8-F71E-4428-913F-C37AE82CDB24}.Ad-Hoc|ARM.Build.0 = Release|Any CPU
		{67F9D3A8-F71E-4428-913F-C37AE82CDB24}.Ad-Hoc|iPhone.ActiveCfg = Release|Any CPU
		{67F9D3A8-F71E-4428-913F-C37AE82CDB24}.Ad-Hoc|iPhone.Build.0 = Release|Any CPU
		{67F9D3A8-F71E-4428-913F-C37AE82CDB24}.Ad-Hoc|iPhoneSimulator.ActiveCfg = Release|Any CPU
		{67F9D3A8-F71E-4428-913F-C37AE82CDB24}.Ad-Hoc|iPhoneSimulator.Build.0 = Release|Any CPU
		{67F9D3A8-F71E-4428-913F-C37AE82CDB24}.Ad-Hoc|x64.ActiveCfg = Release|Any CPU
		{67F9D3A8-F71E-4428-913F-C37AE82CDB24}.Ad-Hoc|x64.Build.0 = Release|Any CPU
		{67F9D3A8-F71E-4428-913F-C37AE82CDB24}.Ad-Hoc|x86.ActiveCfg = Release|Any CPU
		{67F9D3A8-F71E-4428-913F-C37AE82CDB24}.Ad-Hoc|x86.Build.0 = Release|Any CPU
		{67F9D3A8-F71E-4428-913F-C37AE82CDB24}.AppStore|Any CPU.ActiveCfg = Release|Any CPU
		{67F9D3A8-F71E-4428-913F-C37AE82CDB24}.AppStore|Any CPU.Build.0 = Release|Any CPU
		{67F9D3A8-F71E-4428-913F-C37AE82CDB24}.AppStore|ARM.ActiveCfg = Release|Any CPU
		{67F9D3A8-F71E-4428-913F-C37AE82CDB24}.AppStore|ARM.Build.0 = Release|Any CPU
		{67F9D3A8-F71E-4428-913F-C37AE82CDB24}.AppStore|iPhone.ActiveCfg = Release|Any CPU
		{67F9D3A8-F71E-4428-913F-C37AE82CDB24}.AppStore|iPhone.Build.0 = Release|Any CPU
		{67F9D3A8-F71E-4428-913F-C37AE82CDB24}.AppStore|iPhoneSimulator.ActiveCfg = Release|Any CPU
		{67F9D3A8-F71E-4428-913F-C37AE82CDB24}.AppStore|iPhoneSimulator.Build.0 = Release|Any CPU
		{67F9D3A8-F71E-4428-913F-C37AE82CDB24}.AppStore|x64.ActiveCfg = Release|Any CPU
		{67F9D3A8-F71E-4428-913F-C37AE82CDB24}.AppStore|x64.Build.0 = Release|Any CPU
		{67F9D3A8-F71E-4428-913F-C37AE82CDB24}.AppStore|x86.ActiveCfg = Release|Any CPU
		{67F9D3A8-F71E-4428-913F-C37AE82CDB24}.AppStore|x86.Build.0 = Release|Any CPU
		{67F9D3A8-F71E-4428-913F-C37AE82CDB24}.Debug|Any CPU.ActiveCfg = Debug|Any CPU
		{67F9D3A8-F71E-4428-913F-C37AE82CDB24}.Debug|Any CPU.Build.0 = Debug|Any CPU
		{67F9D3A8-F71E-4428-913F-C37AE82CDB24}.Debug|ARM.ActiveCfg = Debug|Any CPU
		{67F9D3A8-F71E-4428-913F-C37AE82CDB24}.Debug|ARM.Build.0 = Debug|Any CPU
		{67F9D3A8-F71E-4428-913F-C37AE82CDB24}.Debug|iPhone.ActiveCfg = Debug|Any CPU
		{67F9D3A8-F71E-4428-913F-C37AE82CDB24}.Debug|iPhone.Build.0 = Debug|Any CPU
		{67F9D3A8-F71E-4428-913F-C37AE82CDB24}.Debug|iPhoneSimulator.ActiveCfg = Debug|Any CPU
		{67F9D3A8-F71E-4428-913F-C37AE82CDB24}.Debug|iPhoneSimulator.Build.0 = Debug|Any CPU
		{67F9D3A8-F71E-4428-913F-C37AE82CDB24}.Debug|x64.ActiveCfg = Debug|Any CPU
		{67F9D3A8-F71E-4428-913F-C37AE82CDB24}.Debug|x64.Build.0 = Debug|Any CPU
		{67F9D3A8-F71E-4428-913F-C37AE82CDB24}.Debug|x86.ActiveCfg = Debug|Any CPU
		{67F9D3A8-F71E-4428-913F-C37AE82CDB24}.Debug|x86.Build.0 = Debug|Any CPU
		{67F9D3A8-F71E-4428-913F-C37AE82CDB24}.Release|Any CPU.ActiveCfg = Release|Any CPU
		{67F9D3A8-F71E-4428-913F-C37AE82CDB24}.Release|Any CPU.Build.0 = Release|Any CPU
		{67F9D3A8-F71E-4428-913F-C37AE82CDB24}.Release|ARM.ActiveCfg = Release|Any CPU
		{67F9D3A8-F71E-4428-913F-C37AE82CDB24}.Release|ARM.Build.0 = Release|Any CPU
		{67F9D3A8-F71E-4428-913F-C37AE82CDB24}.Release|iPhone.ActiveCfg = Release|Any CPU
		{67F9D3A8-F71E-4428-913F-C37AE82CDB24}.Release|iPhone.Build.0 = Release|Any CPU
		{67F9D3A8-F71E-4428-913F-C37AE82CDB24}.Release|iPhoneSimulator.ActiveCfg = Release|Any CPU
		{67F9D3A8-F71E-4428-913F-C37AE82CDB24}.Release|iPhoneSimulator.Build.0 = Release|Any CPU
		{67F9D3A8-F71E-4428-913F-C37AE82CDB24}.Release|x64.ActiveCfg = Release|Any CPU
		{67F9D3A8-F71E-4428-913F-C37AE82CDB24}.Release|x64.Build.0 = Release|Any CPU
		{67F9D3A8-F71E-4428-913F-C37AE82CDB24}.Release|x86.ActiveCfg = Release|Any CPU
		{67F9D3A8-F71E-4428-913F-C37AE82CDB24}.Release|x86.Build.0 = Release|Any CPU
	EndGlobalSection
	GlobalSection(SolutionProperties) = preSolution
		HideSolutionNode = FALSE
	EndGlobalSection
EndGlobal
